
Microsoft Visual Studio Solution File, Format Version 12.00
# Visual Studio 15
VisualStudioVersion = 15.0.28307.329
MinimumVisualStudioVersion = 10.0.40219.1
Project("{9A19103F-16F7-4668-BE54-9A1E7A4F7556}") = "AdditionalValidationAttributes", "AdditionalValidationAttributes\AdditionalValidationAttributes.csproj", "{8F0DBBDC-77E1-4553-BD55-4570E14EADC2}"
EndProject
Project("{9A19103F-16F7-4668-BE54-9A1E7A4F7556}") = "AdditionalValidationAttributes.Test", "AdditionalValidationAttributes.Test\AdditionalValidationAttributes.Test.csproj", "{253A27C7-F9DE-4A59-8A61-C9BA2AC054B6}"
EndProject
Project("{2150E333-8FDC-42A3-9474-1A3956D46DE8}") = "Solution items", "Solution items", "{19CB2C47-DAD6-4BC1-AF7B-731EEE80BCB0}"
	ProjectSection(SolutionItems) = preProject
		Readme.md = Readme.md
	EndProjectSection
EndProject
Global
	GlobalSection(SolutionConfigurationPlatforms) = preSolution
		Debug|Any CPU = Debug|Any CPU
		Release|Any CPU = Release|Any CPU
	EndGlobalSection
	GlobalSection(ProjectConfigurationPlatforms) = postSolution
		{8F0DBBDC-77E1-4553-BD55-4570E14EADC2}.Debug|Any CPU.ActiveCfg = Debug|Any CPU
		{8F0DBBDC-77E1-4553-BD55-4570E14EADC2}.Debug|Any CPU.Build.0 = Debug|Any CPU
		{8F0DBBDC-77E1-4553-BD55-4570E14EADC2}.Release|Any CPU.ActiveCfg = Release|Any CPU
		{8F0DBBDC-77E1-4553-BD55-4570E14EADC2}.Release|Any CPU.Build.0 = Release|Any CPU
		{253A27C7-F9DE-4A59-8A61-C9BA2AC054B6}.Debug|Any CPU.ActiveCfg = Debug|Any CPU
		{253A27C7-F9DE-4A59-8A61-C9BA2AC054B6}.Debug|Any CPU.Build.0 = Debug|Any CPU
		{253A27C7-F9DE-4A59-8A61-C9BA2AC054B6}.Release|Any CPU.ActiveCfg = Release|Any CPU
		{253A27C7-F9DE-4A59-8A61-C9BA2AC054B6}.Release|Any CPU.Build.0 = Release|Any CPU
	EndGlobalSection
	GlobalSection(SolutionProperties) = preSolution
		HideSolutionNode = FALSE
	EndGlobalSection
	GlobalSection(ExtensibilityGlobals) = postSolution
		SolutionGuid = {F527DAF4-4BB8-4DD1-82EF-5467242C9EB6}
	EndGlobalSection
EndGlobal
